
Microsoft Visual Studio Solution File, Format Version 12.00
# Visual Studio 14
VisualStudioVersion = 14.0.25420.1
MinimumVisualStudioVersion = 10.0.40219.1
Project("{FAE04EC0-301F-11D3-BF4B-00C04F79EFBC}") = "net.mvc.fuse8-task", "net.mvc.fuse8-task\net.mvc.fuse8-task.csproj", "{464E5E4E-3558-455A-85BB-493CBBF0857C}"
EndProject
Global
	GlobalSection(SolutionConfigurationPlatforms) = preSolution
		Debug|Any CPU = Debug|Any CPU
		Release|Any CPU = Release|Any CPU
	EndGlobalSection
	GlobalSection(ProjectConfigurationPlatforms) = postSolution
		{464E5E4E-3558-455A-85BB-493CBBF0857C}.Debug|Any CPU.ActiveCfg = Debug|Any CPU
		{464E5E4E-3558-455A-85BB-493CBBF0857C}.Debug|Any CPU.Build.0 = Debug|Any CPU
		{464E5E4E-3558-455A-85BB-493CBBF0857C}.Release|Any CPU.ActiveCfg = Release|Any CPU
		{464E5E4E-3558-455A-85BB-493CBBF0857C}.Release|Any CPU.Build.0 = Release|Any CPU
	EndGlobalSection
	GlobalSection(SolutionProperties) = preSolution
		HideSolutionNode = FALSE
	EndGlobalSection
EndGlobal
